
Microsoft Visual Studio Solution File, Format Version 12.00
# Visual Studio Version 17
VisualStudioVersion = 17.6.33815.320
MinimumVisualStudioVersion = 10.0.40219.1
Project("{FAE04EC0-301F-11D3-BF4B-00C04F79EFBC}") = "HoneyAPI2", "HoneyAPI2\HoneyAPI2.csproj", "{44EC068D-AAB2-49BC-86B5-E16329B2031C}"
EndProject
Global
	GlobalSection(SolutionConfigurationPlatforms) = preSolution
		Debug|Any CPU = Debug|Any CPU
		Release|Any CPU = Release|Any CPU
	EndGlobalSection
	GlobalSection(ProjectConfigurationPlatforms) = postSolution
		{44EC068D-AAB2-49BC-86B5-E16329B2031C}.Debug|Any CPU.ActiveCfg = Debug|Any CPU
		{44EC068D-AAB2-49BC-86B5-E16329B2031C}.Debug|Any CPU.Build.0 = Debug|Any CPU
		{44EC068D-AAB2-49BC-86B5-E16329B2031C}.Release|Any CPU.ActiveCfg = Release|Any CPU
		{44EC068D-AAB2-49BC-86B5-E16329B2031C}.Release|Any CPU.Build.0 = Release|Any CPU
	EndGlobalSection
	GlobalSection(SolutionProperties) = preSolution
		HideSolutionNode = FALSE
	EndGlobalSection
	GlobalSection(ExtensibilityGlobals) = postSolution
		SolutionGuid = {96809291-0536-46A9-8E77-0E07DB183A3D}
	EndGlobalSection
EndGlobal
